
Microsoft Visual Studio Solution File, Format Version 12.00
Project("{FAE04EC0-301F-11D3-BF4B-00C04F79EFBC}") = "ConsoleApplication1", "ConsoleApplication1\ConsoleApplication1.csproj", "{71AECFF3-46F1-4E07-9031-0B0D763809B8}"
EndProject
Project("{FAE04EC0-301F-11D3-BF4B-00C04F79EFBC}") = "Task_08", "Task_08\Task_08.csproj", "{4FB0E14D-4BD2-4919-A46F-586EF1D2A0E7}"
EndProject
Project("{FAE04EC0-301F-11D3-BF4B-00C04F79EFBC}") = "Task10", "Task10\Task10.csproj", "{5803C83A-3477-42B1-916A-2554CC3DB263}"
EndProject
Project("{FAE04EC0-301F-11D3-BF4B-00C04F79EFBC}") = "Task11", "Task11\Task11.csproj", "{FBFC1F06-AD7B-4BF4-ADAC-48A62772BA25}"
EndProject
Project("{FAE04EC0-301F-11D3-BF4B-00C04F79EFBC}") = "Task9", "Task9\Task9.csproj", "{B0FB9C40-72BC-4B87-8FA9-E91BA844DCB1}"
EndProject
Global
	GlobalSection(SolutionConfigurationPlatforms) = preSolution
		Debug|Any CPU = Debug|Any CPU
		Release|Any CPU = Release|Any CPU
	EndGlobalSection
	GlobalSection(ProjectConfigurationPlatforms) = postSolution
		{71AECFF3-46F1-4E07-9031-0B0D763809B8}.Debug|Any CPU.ActiveCfg = Debug|Any CPU
		{71AECFF3-46F1-4E07-9031-0B0D763809B8}.Debug|Any CPU.Build.0 = Debug|Any CPU
		{71AECFF3-46F1-4E07-9031-0B0D763809B8}.Release|Any CPU.ActiveCfg = Release|Any CPU
		{71AECFF3-46F1-4E07-9031-0B0D763809B8}.Release|Any CPU.Build.0 = Release|Any CPU
		{4FB0E14D-4BD2-4919-A46F-586EF1D2A0E7}.Debug|Any CPU.ActiveCfg = Debug|Any CPU
		{4FB0E14D-4BD2-4919-A46F-586EF1D2A0E7}.Debug|Any CPU.Build.0 = Debug|Any CPU
		{4FB0E14D-4BD2-4919-A46F-586EF1D2A0E7}.Release|Any CPU.ActiveCfg = Release|Any CPU
		{4FB0E14D-4BD2-4919-A46F-586EF1D2A0E7}.Release|Any CPU.Build.0 = Release|Any CPU
		{5803C83A-3477-42B1-916A-2554CC3DB263}.Debug|Any CPU.ActiveCfg = Debug|Any CPU
		{5803C83A-3477-42B1-916A-2554CC3DB263}.Debug|Any CPU.Build.0 = Debug|Any CPU
		{5803C83A-3477-42B1-916A-2554CC3DB263}.Release|Any CPU.ActiveCfg = Release|Any CPU
		{5803C83A-3477-42B1-916A-2554CC3DB263}.Release|Any CPU.Build.0 = Release|Any CPU
		{FBFC1F06-AD7B-4BF4-ADAC-48A62772BA25}.Debug|Any CPU.ActiveCfg = Debug|Any CPU
		{FBFC1F06-AD7B-4BF4-ADAC-48A62772BA25}.Debug|Any CPU.Build.0 = Debug|Any CPU
		{FBFC1F06-AD7B-4BF4-ADAC-48A62772BA25}.Release|Any CPU.ActiveCfg = Release|Any CPU
		{FBFC1F06-AD7B-4BF4-ADAC-48A62772BA25}.Release|Any CPU.Build.0 = Release|Any CPU
		{B0FB9C40-72BC-4B87-8FA9-E91BA844DCB1}.Debug|Any CPU.ActiveCfg = Debug|Any CPU
		{B0FB9C40-72BC-4B87-8FA9-E91BA844DCB1}.Debug|Any CPU.Build.0 = Debug|Any CPU
		{B0FB9C40-72BC-4B87-8FA9-E91BA844DCB1}.Release|Any CPU.ActiveCfg = Release|Any CPU
		{B0FB9C40-72BC-4B87-8FA9-E91BA844DCB1}.Release|Any CPU.Build.0 = Release|Any CPU
	EndGlobalSection
EndGlobal
