
Microsoft Visual Studio Solution File, Format Version 12.00
Project("{FAE04EC0-301F-11D3-BF4B-00C04F79EFBC}") = "Sr2", "Sr2\Sr2.csproj", "{2ADF47D2-293B-44B4-BEAD-E2FAE68AED1F}"
EndProject
Global
	GlobalSection(SolutionConfigurationPlatforms) = preSolution
		Debug|Any CPU = Debug|Any CPU
		Release|Any CPU = Release|Any CPU
	EndGlobalSection
	GlobalSection(ProjectConfigurationPlatforms) = postSolution
		{2ADF47D2-293B-44B4-BEAD-E2FAE68AED1F}.Debug|Any CPU.ActiveCfg = Debug|Any CPU
		{2ADF47D2-293B-44B4-BEAD-E2FAE68AED1F}.Debug|Any CPU.Build.0 = Debug|Any CPU
		{2ADF47D2-293B-44B4-BEAD-E2FAE68AED1F}.Release|Any CPU.ActiveCfg = Release|Any CPU
		{2ADF47D2-293B-44B4-BEAD-E2FAE68AED1F}.Release|Any CPU.Build.0 = Release|Any CPU
	EndGlobalSection
EndGlobal
