
Microsoft Visual Studio Solution File, Format Version 12.00
Project("{FAE04EC0-301F-11D3-BF4B-00C04F79EFBC}") = "Task1", "Task1\Task1.csproj", "{37E42670-F3FB-4761-8C44-272678745EBA}"
EndProject
Project("{FAE04EC0-301F-11D3-BF4B-00C04F79EFBC}") = "TestProject1", "TestProject1\TestProject1.csproj", "{DCAC02F4-64E3-4837-96EE-2D71E2473283}"
EndProject
Project("{FAE04EC0-301F-11D3-BF4B-00C04F79EFBC}") = "Task2", "Task2\Task2.csproj", "{80FE197D-9572-4A69-B539-41287CB1A519}"
EndProject
Project("{FAE04EC0-301F-11D3-BF4B-00C04F79EFBC}") = "Task3", "Task3\Task3.csproj", "{90923DDB-D727-4A64-8C38-239A8791B1EC}"
EndProject
Project("{FAE04EC0-301F-11D3-BF4B-00C04F79EFBC}") = "Task4", "Task4\Task4.csproj", "{3778B688-8C44-4B06-9A27-77EB2F49681A}"
EndProject
Project("{FAE04EC0-301F-11D3-BF4B-00C04F79EFBC}") = "Task5", "Task5\Task5.csproj", "{16791EA4-D6B6-4ED6-A676-5A5505F4F8DA}"
EndProject
Project("{FAE04EC0-301F-11D3-BF4B-00C04F79EFBC}") = "Task6", "Task6\Task6.csproj", "{49044CA2-FF17-4E96-84E1-075AB1019DDC}"
EndProject
Project("{FAE04EC0-301F-11D3-BF4B-00C04F79EFBC}") = "Task7", "Task7\Task7.csproj", "{53238EEF-6B24-47E6-90FB-339D3B2DF8CE}"
EndProject
Project("{FAE04EC0-301F-11D3-BF4B-00C04F79EFBC}") = "Task8", "Task8\Task8.csproj", "{064C8516-2462-4947-B837-8D7C6339D1EE}"
EndProject
Project("{FAE04EC0-301F-11D3-BF4B-00C04F79EFBC}") = "Task9", "Task9\Task9.csproj", "{10D03A4E-FFFD-4B91-98D9-70DC047B12CD}"
EndProject
Project("{FAE04EC0-301F-11D3-BF4B-00C04F79EFBC}") = "Test10", "Test10\Test10.csproj", "{F5A737D0-6309-4E09-99E0-5B0519C4F9BA}"
EndProject
Global
	GlobalSection(SolutionConfigurationPlatforms) = preSolution
		Debug|Any CPU = Debug|Any CPU
		Release|Any CPU = Release|Any CPU
	EndGlobalSection
	GlobalSection(ProjectConfigurationPlatforms) = postSolution
		{37E42670-F3FB-4761-8C44-272678745EBA}.Debug|Any CPU.ActiveCfg = Debug|Any CPU
		{37E42670-F3FB-4761-8C44-272678745EBA}.Debug|Any CPU.Build.0 = Debug|Any CPU
		{37E42670-F3FB-4761-8C44-272678745EBA}.Release|Any CPU.ActiveCfg = Release|Any CPU
		{37E42670-F3FB-4761-8C44-272678745EBA}.Release|Any CPU.Build.0 = Release|Any CPU
		{DCAC02F4-64E3-4837-96EE-2D71E2473283}.Debug|Any CPU.ActiveCfg = Debug|Any CPU
		{DCAC02F4-64E3-4837-96EE-2D71E2473283}.Debug|Any CPU.Build.0 = Debug|Any CPU
		{DCAC02F4-64E3-4837-96EE-2D71E2473283}.Release|Any CPU.ActiveCfg = Release|Any CPU
		{DCAC02F4-64E3-4837-96EE-2D71E2473283}.Release|Any CPU.Build.0 = Release|Any CPU
		{80FE197D-9572-4A69-B539-41287CB1A519}.Debug|Any CPU.ActiveCfg = Debug|Any CPU
		{80FE197D-9572-4A69-B539-41287CB1A519}.Debug|Any CPU.Build.0 = Debug|Any CPU
		{80FE197D-9572-4A69-B539-41287CB1A519}.Release|Any CPU.ActiveCfg = Release|Any CPU
		{80FE197D-9572-4A69-B539-41287CB1A519}.Release|Any CPU.Build.0 = Release|Any CPU
		{90923DDB-D727-4A64-8C38-239A8791B1EC}.Debug|Any CPU.ActiveCfg = Debug|Any CPU
		{90923DDB-D727-4A64-8C38-239A8791B1EC}.Debug|Any CPU.Build.0 = Debug|Any CPU
		{90923DDB-D727-4A64-8C38-239A8791B1EC}.Release|Any CPU.ActiveCfg = Release|Any CPU
		{90923DDB-D727-4A64-8C38-239A8791B1EC}.Release|Any CPU.Build.0 = Release|Any CPU
		{3778B688-8C44-4B06-9A27-77EB2F49681A}.Debug|Any CPU.ActiveCfg = Debug|Any CPU
		{3778B688-8C44-4B06-9A27-77EB2F49681A}.Debug|Any CPU.Build.0 = Debug|Any CPU
		{3778B688-8C44-4B06-9A27-77EB2F49681A}.Release|Any CPU.ActiveCfg = Release|Any CPU
		{3778B688-8C44-4B06-9A27-77EB2F49681A}.Release|Any CPU.Build.0 = Release|Any CPU
		{16791EA4-D6B6-4ED6-A676-5A5505F4F8DA}.Debug|Any CPU.ActiveCfg = Debug|Any CPU
		{16791EA4-D6B6-4ED6-A676-5A5505F4F8DA}.Debug|Any CPU.Build.0 = Debug|Any CPU
		{16791EA4-D6B6-4ED6-A676-5A5505F4F8DA}.Release|Any CPU.ActiveCfg = Release|Any CPU
		{16791EA4-D6B6-4ED6-A676-5A5505F4F8DA}.Release|Any CPU.Build.0 = Release|Any CPU
		{49044CA2-FF17-4E96-84E1-075AB1019DDC}.Debug|Any CPU.ActiveCfg = Debug|Any CPU
		{49044CA2-FF17-4E96-84E1-075AB1019DDC}.Debug|Any CPU.Build.0 = Debug|Any CPU
		{49044CA2-FF17-4E96-84E1-075AB1019DDC}.Release|Any CPU.ActiveCfg = Release|Any CPU
		{49044CA2-FF17-4E96-84E1-075AB1019DDC}.Release|Any CPU.Build.0 = Release|Any CPU
		{53238EEF-6B24-47E6-90FB-339D3B2DF8CE}.Debug|Any CPU.ActiveCfg = Debug|Any CPU
		{53238EEF-6B24-47E6-90FB-339D3B2DF8CE}.Debug|Any CPU.Build.0 = Debug|Any CPU
		{53238EEF-6B24-47E6-90FB-339D3B2DF8CE}.Release|Any CPU.ActiveCfg = Release|Any CPU
		{53238EEF-6B24-47E6-90FB-339D3B2DF8CE}.Release|Any CPU.Build.0 = Release|Any CPU
		{064C8516-2462-4947-B837-8D7C6339D1EE}.Debug|Any CPU.ActiveCfg = Debug|Any CPU
		{064C8516-2462-4947-B837-8D7C6339D1EE}.Debug|Any CPU.Build.0 = Debug|Any CPU
		{064C8516-2462-4947-B837-8D7C6339D1EE}.Release|Any CPU.ActiveCfg = Release|Any CPU
		{064C8516-2462-4947-B837-8D7C6339D1EE}.Release|Any CPU.Build.0 = Release|Any CPU
		{10D03A4E-FFFD-4B91-98D9-70DC047B12CD}.Debug|Any CPU.ActiveCfg = Debug|Any CPU
		{10D03A4E-FFFD-4B91-98D9-70DC047B12CD}.Debug|Any CPU.Build.0 = Debug|Any CPU
		{10D03A4E-FFFD-4B91-98D9-70DC047B12CD}.Release|Any CPU.ActiveCfg = Release|Any CPU
		{10D03A4E-FFFD-4B91-98D9-70DC047B12CD}.Release|Any CPU.Build.0 = Release|Any CPU
		{F5A737D0-6309-4E09-99E0-5B0519C4F9BA}.Debug|Any CPU.ActiveCfg = Debug|Any CPU
		{F5A737D0-6309-4E09-99E0-5B0519C4F9BA}.Debug|Any CPU.Build.0 = Debug|Any CPU
		{F5A737D0-6309-4E09-99E0-5B0519C4F9BA}.Release|Any CPU.ActiveCfg = Release|Any CPU
		{F5A737D0-6309-4E09-99E0-5B0519C4F9BA}.Release|Any CPU.Build.0 = Release|Any CPU
	EndGlobalSection
EndGlobal
