
Microsoft Visual Studio Solution File, Format Version 12.00
Project("{FAE04EC0-301F-11D3-BF4B-00C04F79EFBC}") = "TaskE", "TaskE\TaskE.csproj", "{7E6DE2BF-7BA2-495F-B402-D1AE4DA68D76}"
EndProject
Project("{FAE04EC0-301F-11D3-BF4B-00C04F79EFBC}") = "TaskA", "TaskA\TaskA.csproj", "{0C9F08A9-7DA9-448C-8A5C-59A09BA6D90C}"
EndProject
Project("{FAE04EC0-301F-11D3-BF4B-00C04F79EFBC}") = "TaskB", "TaskB\TaskB.csproj", "{897F92DC-BD8C-4F16-894A-ABF6A319D1B4}"
EndProject
Project("{FAE04EC0-301F-11D3-BF4B-00C04F79EFBC}") = "TaskD", "TaskD\TaskD.csproj", "{7B5FDCB9-54F9-4873-A047-21F63364AF57}"
EndProject
Project("{FAE04EC0-301F-11D3-BF4B-00C04F79EFBC}") = "TaskC", "TaskC\TaskC.csproj", "{FA9B4884-0951-452D-82FF-5674EDCF2002}"
EndProject
Project("{FAE04EC0-301F-11D3-BF4B-00C04F79EFBC}") = "TaskF", "TaskF\TaskF.csproj", "{A25BF7E0-2604-45C4-91BD-44156AE7CFC5}"
EndProject
Project("{FAE04EC0-301F-11D3-BF4B-00C04F79EFBC}") = "TaskH", "TaskH\TaskH.csproj", "{2B210EC8-872F-4C93-A2E3-6D1659F7CD8A}"
EndProject
Project("{FAE04EC0-301F-11D3-BF4B-00C04F79EFBC}") = "TaskG", "TaskG\TaskG.csproj", "{A1E142E4-4389-416D-AB0A-48207D048464}"
EndProject
Project("{FAE04EC0-301F-11D3-BF4B-00C04F79EFBC}") = "TaskI", "TaskI\TaskI.csproj", "{0C89DD08-CB3D-4B6C-B8B6-15A1D33B4582}"
EndProject
Project("{FAE04EC0-301F-11D3-BF4B-00C04F79EFBC}") = "TaskJ", "TaskJ\TaskJ.csproj", "{0EE01821-E490-400A-8691-55982931714D}"
EndProject
Global
	GlobalSection(SolutionConfigurationPlatforms) = preSolution
		Debug|Any CPU = Debug|Any CPU
		Release|Any CPU = Release|Any CPU
	EndGlobalSection
	GlobalSection(ProjectConfigurationPlatforms) = postSolution
		{7E6DE2BF-7BA2-495F-B402-D1AE4DA68D76}.Debug|Any CPU.ActiveCfg = Debug|Any CPU
		{7E6DE2BF-7BA2-495F-B402-D1AE4DA68D76}.Debug|Any CPU.Build.0 = Debug|Any CPU
		{7E6DE2BF-7BA2-495F-B402-D1AE4DA68D76}.Release|Any CPU.ActiveCfg = Release|Any CPU
		{7E6DE2BF-7BA2-495F-B402-D1AE4DA68D76}.Release|Any CPU.Build.0 = Release|Any CPU
		{0C9F08A9-7DA9-448C-8A5C-59A09BA6D90C}.Debug|Any CPU.ActiveCfg = Debug|Any CPU
		{0C9F08A9-7DA9-448C-8A5C-59A09BA6D90C}.Debug|Any CPU.Build.0 = Debug|Any CPU
		{0C9F08A9-7DA9-448C-8A5C-59A09BA6D90C}.Release|Any CPU.ActiveCfg = Release|Any CPU
		{0C9F08A9-7DA9-448C-8A5C-59A09BA6D90C}.Release|Any CPU.Build.0 = Release|Any CPU
		{897F92DC-BD8C-4F16-894A-ABF6A319D1B4}.Debug|Any CPU.ActiveCfg = Debug|Any CPU
		{897F92DC-BD8C-4F16-894A-ABF6A319D1B4}.Debug|Any CPU.Build.0 = Debug|Any CPU
		{897F92DC-BD8C-4F16-894A-ABF6A319D1B4}.Release|Any CPU.ActiveCfg = Release|Any CPU
		{897F92DC-BD8C-4F16-894A-ABF6A319D1B4}.Release|Any CPU.Build.0 = Release|Any CPU
		{7B5FDCB9-54F9-4873-A047-21F63364AF57}.Debug|Any CPU.ActiveCfg = Debug|Any CPU
		{7B5FDCB9-54F9-4873-A047-21F63364AF57}.Debug|Any CPU.Build.0 = Debug|Any CPU
		{7B5FDCB9-54F9-4873-A047-21F63364AF57}.Release|Any CPU.ActiveCfg = Release|Any CPU
		{7B5FDCB9-54F9-4873-A047-21F63364AF57}.Release|Any CPU.Build.0 = Release|Any CPU
		{FA9B4884-0951-452D-82FF-5674EDCF2002}.Debug|Any CPU.ActiveCfg = Debug|Any CPU
		{FA9B4884-0951-452D-82FF-5674EDCF2002}.Debug|Any CPU.Build.0 = Debug|Any CPU
		{FA9B4884-0951-452D-82FF-5674EDCF2002}.Release|Any CPU.ActiveCfg = Release|Any CPU
		{FA9B4884-0951-452D-82FF-5674EDCF2002}.Release|Any CPU.Build.0 = Release|Any CPU
		{A25BF7E0-2604-45C4-91BD-44156AE7CFC5}.Debug|Any CPU.ActiveCfg = Debug|Any CPU
		{A25BF7E0-2604-45C4-91BD-44156AE7CFC5}.Debug|Any CPU.Build.0 = Debug|Any CPU
		{A25BF7E0-2604-45C4-91BD-44156AE7CFC5}.Release|Any CPU.ActiveCfg = Release|Any CPU
		{A25BF7E0-2604-45C4-91BD-44156AE7CFC5}.Release|Any CPU.Build.0 = Release|Any CPU
		{2B210EC8-872F-4C93-A2E3-6D1659F7CD8A}.Debug|Any CPU.ActiveCfg = Debug|Any CPU
		{2B210EC8-872F-4C93-A2E3-6D1659F7CD8A}.Debug|Any CPU.Build.0 = Debug|Any CPU
		{2B210EC8-872F-4C93-A2E3-6D1659F7CD8A}.Release|Any CPU.ActiveCfg = Release|Any CPU
		{2B210EC8-872F-4C93-A2E3-6D1659F7CD8A}.Release|Any CPU.Build.0 = Release|Any CPU
		{A1E142E4-4389-416D-AB0A-48207D048464}.Debug|Any CPU.ActiveCfg = Debug|Any CPU
		{A1E142E4-4389-416D-AB0A-48207D048464}.Debug|Any CPU.Build.0 = Debug|Any CPU
		{A1E142E4-4389-416D-AB0A-48207D048464}.Release|Any CPU.ActiveCfg = Release|Any CPU
		{A1E142E4-4389-416D-AB0A-48207D048464}.Release|Any CPU.Build.0 = Release|Any CPU
		{0C89DD08-CB3D-4B6C-B8B6-15A1D33B4582}.Debug|Any CPU.ActiveCfg = Debug|Any CPU
		{0C89DD08-CB3D-4B6C-B8B6-15A1D33B4582}.Debug|Any CPU.Build.0 = Debug|Any CPU
		{0C89DD08-CB3D-4B6C-B8B6-15A1D33B4582}.Release|Any CPU.ActiveCfg = Release|Any CPU
		{0C89DD08-CB3D-4B6C-B8B6-15A1D33B4582}.Release|Any CPU.Build.0 = Release|Any CPU
		{0EE01821-E490-400A-8691-55982931714D}.Debug|Any CPU.ActiveCfg = Debug|Any CPU
		{0EE01821-E490-400A-8691-55982931714D}.Debug|Any CPU.Build.0 = Debug|Any CPU
		{0EE01821-E490-400A-8691-55982931714D}.Release|Any CPU.ActiveCfg = Release|Any CPU
		{0EE01821-E490-400A-8691-55982931714D}.Release|Any CPU.Build.0 = Release|Any CPU
	EndGlobalSection
EndGlobal
